
Microsoft Visual Studio Solution File, Format Version 12.00
# Visual Studio Version 17
VisualStudioVersion = 17.4.33213.308
MinimumVisualStudioVersion = 10.0.40219.1
Project("{FAE04EC0-301F-11D3-BF4B-00C04F79EFBC}") = "ASPMVCCRUD", "ASPMVCCRUD\ASPMVCCRUD.csproj", "{454479D6-FE0F-4FCA-B415-A6D3585C1984}"
EndProject
Global
	GlobalSection(SolutionConfigurationPlatforms) = preSolution
		Debug|Any CPU = Debug|Any CPU
		Release|Any CPU = Release|Any CPU
	EndGlobalSection
	GlobalSection(ProjectConfigurationPlatforms) = postSolution
		{454479D6-FE0F-4FCA-B415-A6D3585C1984}.Debug|Any CPU.ActiveCfg = Debug|Any CPU
		{454479D6-FE0F-4FCA-B415-A6D3585C1984}.Debug|Any CPU.Build.0 = Debug|Any CPU
		{454479D6-FE0F-4FCA-B415-A6D3585C1984}.Release|Any CPU.ActiveCfg = Release|Any CPU
		{454479D6-FE0F-4FCA-B415-A6D3585C1984}.Release|Any CPU.Build.0 = Release|Any CPU
	EndGlobalSection
	GlobalSection(SolutionProperties) = preSolution
		HideSolutionNode = FALSE
	EndGlobalSection
	GlobalSection(ExtensibilityGlobals) = postSolution
		SolutionGuid = {160E7DD7-8BF8-4ED9-A3C8-6B4E7B07C60F}
	EndGlobalSection
EndGlobal
